version: 2.0
shards:
  chipmunk:
    git: https://github.com/oprypin/crystal-chipmunk.git
    version: 0.1.0+git.commit.71de3e8505db1865f4f12432867eb0293eb16183

  crsfml:
    git: https://github.com/oprypin/crsfml.git
    version: 2.5.2

  lch:
    git: https://github.com/homonoidian/lch.cr.git
    version: 0.1.1

  lua:
    git: https://github.com/veelenga/lua.cr.git
    version: 0.2.0+git.commit.e48a298223daf53e1badc58a1794f7d5e3738805

